// !$*UTF8*$!
{
	archiveVersion = 1;
	classes = {
	};
	objectVersion = 46;
	objects = {

/* Begin PBXBuildFile section */
		DB142B3B1639158200B3E1F6 /* GameOverViewController.m in Sources */ = {isa = PBXBuildFile; fileRef = DB142B391639158200B3E1F6 /* GameOverViewController.m */; };
		DB142B3C1639158200B3E1F6 /* GameOverViewController.xib in Resources */ = {isa = PBXBuildFile; fileRef = DB142B3A1639158200B3E1F6 /* GameOverViewController.xib */; };
		DB27D9B3163E248B0016E277 /* GameFinishedViewController.m in Sources */ = {isa = PBXBuildFile; fileRef = DB27D9B1163E248A0016E277 /* GameFinishedViewController.m */; };
		DB27D9B4163E248B0016E277 /* GameFinishedViewController.xib in Resources */ = {isa = PBXBuildFile; fileRef = DB27D9B2163E248B0016E277 /* GameFinishedViewController.xib */; };
		DB27D9B7163E2CE40016E277 /* AVFoundation.framework in Frameworks */ = {isa = PBXBuildFile; fileRef = DB27D9B6163E2CE40016E277 /* AVFoundation.framework */; };
		DB27D9B9163E2D210016E277 /* bouncingballsound.mp3 in Resources */ = {isa = PBXBuildFile; fileRef = DB27D9B8163E2D210016E277 /* bouncingballsound.mp3 */; };
		DB27D9DB163E33CC0016E277 /* increase_agility.mp3 in Resources */ = {isa = PBXBuildFile; fileRef = DB27D9DA163E33CC0016E277 /* increase_agility.mp3 */; };
		DB27D9DD163E33E30016E277 /* crazy_kart_intro.mp3 in Resources */ = {isa = PBXBuildFile; fileRef = DB27D9DC163E33E30016E277 /* crazy_kart_intro.mp3 */; };
		DB27D9DF163E37B30016E277 /* magnetized.png in Resources */ = {isa = PBXBuildFile; fileRef = DB27D9DE163E37B20016E277 /* magnetized.png */; };
		DB27D9E5163E39F50016E277 /* buzz.png in Resources */ = {isa = PBXBuildFile; fileRef = DB27D9E4163E39F50016E277 /* buzz.png */; };
		DB27D9E7163E3A750016E277 /* rocketOn.png in Resources */ = {isa = PBXBuildFile; fileRef = DB27D9E6163E3A740016E277 /* rocketOn.png */; };
		DB2CB155162FF04300A4BF8B /* UIKit.framework in Frameworks */ = {isa = PBXBuildFile; fileRef = DB2CB154162FF04300A4BF8B /* UIKit.framework */; };
		DB2CB157162FF04300A4BF8B /* Foundation.framework in Frameworks */ = {isa = PBXBuildFile; fileRef = DB2CB156162FF04300A4BF8B /* Foundation.framework */; };
		DB2CB159162FF04300A4BF8B /* CoreGraphics.framework in Frameworks */ = {isa = PBXBuildFile; fileRef = DB2CB158162FF04300A4BF8B /* CoreGraphics.framework */; };
		DB2CB15F162FF04300A4BF8B /* InfoPlist.strings in Resources */ = {isa = PBXBuildFile; fileRef = DB2CB15D162FF04300A4BF8B /* InfoPlist.strings */; };
		DB2CB161162FF04300A4BF8B /* main.m in Sources */ = {isa = PBXBuildFile; fileRef = DB2CB160162FF04300A4BF8B /* main.m */; };
		DB2CB165162FF04300A4BF8B /* CrazyRocketManAppAppDelegate.m in Sources */ = {isa = PBXBuildFile; fileRef = DB2CB164162FF04300A4BF8B /* CrazyRocketManAppAppDelegate.m */; };
		DB2CB16E162FF0A300A4BF8B /* GameViewController.m in Sources */ = {isa = PBXBuildFile; fileRef = DB2CB16C162FF0A300A4BF8B /* GameViewController.m */; };
		DB2CB16F162FF0A300A4BF8B /* GameViewController.xib in Resources */ = {isa = PBXBuildFile; fileRef = DB2CB16D162FF0A300A4BF8B /* GameViewController.xib */; };
		DB41E50C1637791900C0B82D /* gas.png in Resources */ = {isa = PBXBuildFile; fileRef = DB41E5081637791900C0B82D /* gas.png */; };
		DB41E511163780CD00C0B82D /* crudeoil.png in Resources */ = {isa = PBXBuildFile; fileRef = DB41E510163780CD00C0B82D /* crudeoil.png */; };
		DB41E5141637E1A800C0B82D /* Coins.m in Sources */ = {isa = PBXBuildFile; fileRef = DB41E5131637E1A800C0B82D /* Coins.m */; };
		DB41E51B1637E5C600C0B82D /* silvercoin.png in Resources */ = {isa = PBXBuildFile; fileRef = DB41E51A1637E5C600C0B82D /* silvercoin.png */; };
		DB41E51D1637E5DA00C0B82D /* bronzecoin.png in Resources */ = {isa = PBXBuildFile; fileRef = DB41E51C1637E5DA00C0B82D /* bronzecoin.png */; };
		DB48FAD616363DC800AD2C0B /* goldcoin.png in Resources */ = {isa = PBXBuildFile; fileRef = DB48FAD516363DC800AD2C0B /* goldcoin.png */; };
		DB48FAD916363DFE00AD2C0B /* platform.png in Resources */ = {isa = PBXBuildFile; fileRef = DB48FAD816363DFE00AD2C0B /* platform.png */; };
		DB48FADB16363E0B00AD2C0B /* BH2.png in Resources */ = {isa = PBXBuildFile; fileRef = DB48FADA16363E0B00AD2C0B /* BH2.png */; };
		DB4A9B76163E3BF2004B5CA0 /* battery.png in Resources */ = {isa = PBXBuildFile; fileRef = DB4A9B75163E3BF1004B5CA0 /* battery.png */; };
		DB4A9B79163E4B51004B5CA0 /* coil.png in Resources */ = {isa = PBXBuildFile; fileRef = DB4A9B78163E4B50004B5CA0 /* coil.png */; };
		DB4A9B7B163E4BE9004B5CA0 /* life.png in Resources */ = {isa = PBXBuildFile; fileRef = DB4A9B7A163E4BE8004B5CA0 /* life.png */; };
		DB4A9BA6163E4C53004B5CA0 /* asteroid2.png in Resources */ = {isa = PBXBuildFile; fileRef = DB4A9BA5163E4C53004B5CA0 /* asteroid2.png */; };
		DB4A9BA8163E4CFA004B5CA0 /* jetpack2.png in Resources */ = {isa = PBXBuildFile; fileRef = DB4A9BA7163E4CFA004B5CA0 /* jetpack2.png */; };
		DB4A9BAA163E4DF1004B5CA0 /* refinery.png in Resources */ = {isa = PBXBuildFile; fileRef = DB4A9BA9163E4DF0004B5CA0 /* refinery.png */; };
		DB4A9BAC163E4EAF004B5CA0 /* tesla.png in Resources */ = {isa = PBXBuildFile; fileRef = DB4A9BAB163E4EAE004B5CA0 /* tesla.png */; };
		DB4A9BB4163E5003004B5CA0 /* alien7.png in Resources */ = {isa = PBXBuildFile; fileRef = DB4A9BAD163E5000004B5CA0 /* alien7.png */; };
		DB4A9BB5163E5003004B5CA0 /* alien6.png in Resources */ = {isa = PBXBuildFile; fileRef = DB4A9BAE163E5000004B5CA0 /* alien6.png */; };
		DB4A9BB6163E5003004B5CA0 /* alien5.png in Resources */ = {isa = PBXBuildFile; fileRef = DB4A9BAF163E5001004B5CA0 /* alien5.png */; };
		DB4A9BB7163E5003004B5CA0 /* alien4.png in Resources */ = {isa = PBXBuildFile; fileRef = DB4A9BB0163E5001004B5CA0 /* alien4.png */; };
		DB4A9BB8163E5003004B5CA0 /* alien3.png in Resources */ = {isa = PBXBuildFile; fileRef = DB4A9BB1163E5002004B5CA0 /* alien3.png */; };
		DB4A9BB9163E5003004B5CA0 /* alien2.png in Resources */ = {isa = PBXBuildFile; fileRef = DB4A9BB2163E5002004B5CA0 /* alien2.png */; };
		DB4A9BBA163E5003004B5CA0 /* alien1.png in Resources */ = {isa = PBXBuildFile; fileRef = DB4A9BB3163E5003004B5CA0 /* alien1.png */; };
		DB4A9BBC163E5510004B5CA0 /* stars copy.png in Resources */ = {isa = PBXBuildFile; fileRef = DB4A9BBB163E550F004B5CA0 /* stars copy.png */; };
		DB4A9BBE163E5774004B5CA0 /* electric_shock.mp3 in Resources */ = {isa = PBXBuildFile; fileRef = DB4A9BBD163E5773004B5CA0 /* electric_shock.mp3 */; };
		DB4A9BC0163E5BA4004B5CA0 /* tuning_fork.mp3 in Resources */ = {isa = PBXBuildFile; fileRef = DB4A9BBF163E5BA3004B5CA0 /* tuning_fork.mp3 */; };
		DB4A9BC6163E5FF1004B5CA0 /* howTo5.png in Resources */ = {isa = PBXBuildFile; fileRef = DB4A9BC1163E5FE5004B5CA0 /* howTo5.png */; };
		DB4A9BC7163E5FF1004B5CA0 /* howTo4.png in Resources */ = {isa = PBXBuildFile; fileRef = DB4A9BC2163E5FE6004B5CA0 /* howTo4.png */; };
		DB4A9BC8163E5FF1004B5CA0 /* howTo3.png in Resources */ = {isa = PBXBuildFile; fileRef = DB4A9BC3163E5FE7004B5CA0 /* howTo3.png */; };
		DB4A9BC9163E5FF1004B5CA0 /* howTo2.png in Resources */ = {isa = PBXBuildFile; fileRef = DB4A9BC4163E5FEB004B5CA0 /* howTo2.png */; };
		DB4A9BCA163E5FF1004B5CA0 /* howTo1.png in Resources */ = {isa = PBXBuildFile; fileRef = DB4A9BC5163E5FEF004B5CA0 /* howTo1.png */; };
		DB4A9BCC163E6681004B5CA0 /* mainview.png in Resources */ = {isa = PBXBuildFile; fileRef = DB4A9BCB163E6680004B5CA0 /* mainview.png */; };
		DB4A9BCF163E6915004B5CA0 /* playpause.png in Resources */ = {isa = PBXBuildFile; fileRef = DB4A9BCD163E6912004B5CA0 /* playpause.png */; };
		DB4A9BD0163E6915004B5CA0 /* highscoreview.png in Resources */ = {isa = PBXBuildFile; fileRef = DB4A9BCE163E6913004B5CA0 /* highscoreview.png */; };
		DB4A9BD2163E7041004B5CA0 /* mainview-1.png in Resources */ = {isa = PBXBuildFile; fileRef = DB4A9BD1163E7040004B5CA0 /* mainview-1.png */; };
		DB4A9BD4163E70A3004B5CA0 /* mainview-1.png in Resources */ = {isa = PBXBuildFile; fileRef = DB4A9BD3163E70A3004B5CA0 /* mainview-1.png */; };
		DBB6111216393D06004ED475 /* HighScoreViewController.m in Sources */ = {isa = PBXBuildFile; fileRef = DBB6110916393D05004ED475 /* HighScoreViewController.m */; };
		DBB6111316393D06004ED475 /* HighScoreViewController.xib in Resources */ = {isa = PBXBuildFile; fileRef = DBB6110A16393D05004ED475 /* HighScoreViewController.xib */; };
		DBB6111416393D06004ED475 /* homebutton.png in Resources */ = {isa = PBXBuildFile; fileRef = DBB6110B16393D05004ED475 /* homebutton.png */; };
		DBB6111516393D06004ED475 /* howtobutton.png in Resources */ = {isa = PBXBuildFile; fileRef = DBB6110C16393D05004ED475 /* howtobutton.png */; };
		DBB6111616393D06004ED475 /* iconbg.png in Resources */ = {isa = PBXBuildFile; fileRef = DBB6110D16393D05004ED475 /* iconbg.png */; };
		DBB6111716393D06004ED475 /* MainViewController.m in Sources */ = {isa = PBXBuildFile; fileRef = DBB6110F16393D05004ED475 /* MainViewController.m */; };
		DBB6111816393D06004ED475 /* MainViewController.xib in Resources */ = {isa = PBXBuildFile; fileRef = DBB6111016393D06004ED475 /* MainViewController.xib */; };
		DBB6111916393D06004ED475 /* startbutton.png in Resources */ = {isa = PBXBuildFile; fileRef = DBB6111116393D06004ED475 /* startbutton.png */; };
		DBB6112316394083004ED475 /* HowToViewController.m in Sources */ = {isa = PBXBuildFile; fileRef = DBB6112116394083004ED475 /* HowToViewController.m */; };
		DBB6112416394083004ED475 /* HowToViewController.xib in Resources */ = {isa = PBXBuildFile; fileRef = DBB6112216394083004ED475 /* HowToViewController.xib */; };
		DBB61126163940DE004ED475 /* highscore.png in Resources */ = {isa = PBXBuildFile; fileRef = DBB61125163940DE004ED475 /* highscore.png */; };
		DBB6112916394181004ED475 /* backarrow.png in Resources */ = {isa = PBXBuildFile; fileRef = DBB6112716394180004ED475 /* backarrow.png */; };
		DBB6112A16394181004ED475 /* goarrow.png in Resources */ = {isa = PBXBuildFile; fileRef = DBB6112816394180004ED475 /* goarrow.png */; };
		DBB6112C16394C3B004ED475 /* ElectricOrb.png in Resources */ = {isa = PBXBuildFile; fileRef = DBB6112B16394C3B004ED475 /* ElectricOrb.png */; };
/* End PBXBuildFile section */

/* Begin PBXFileReference section */
		DB142B381639158200B3E1F6 /* GameOverViewController.h */ = {isa = PBXFileReference; fileEncoding = 4; lastKnownFileType = sourcecode.c.h; path = GameOverViewController.h; sourceTree = "<group>"; };
		DB142B391639158200B3E1F6 /* GameOverViewController.m */ = {isa = PBXFileReference; fileEncoding = 4; lastKnownFileType = sourcecode.c.objc; path = GameOverViewController.m; sourceTree = "<group>"; };
		DB142B3A1639158200B3E1F6 /* GameOverViewController.xib */ = {isa = PBXFileReference; fileEncoding = 4; lastKnownFileType = file.xib; path = GameOverViewController.xib; sourceTree = "<group>"; };
		DB27D9B0163E248A0016E277 /* GameFinishedViewController.h */ = {isa = PBXFileReference; fileEncoding = 4; lastKnownFileType = sourcecode.c.h; path = GameFinishedViewController.h; sourceTree = "<group>"; };
		DB27D9B1163E248A0016E277 /* GameFinishedViewController.m */ = {isa = PBXFileReference; fileEncoding = 4; lastKnownFileType = sourcecode.c.objc; path = GameFinishedViewController.m; sourceTree = "<group>"; };
		DB27D9B2163E248B0016E277 /* GameFinishedViewController.xib */ = {isa = PBXFileReference; fileEncoding = 4; lastKnownFileType = file.xib; path = GameFinishedViewController.xib; sourceTree = "<group>"; };
		DB27D9B6163E2CE40016E277 /* AVFoundation.framework */ = {isa = PBXFileReference; lastKnownFileType = wrapper.framework; name = AVFoundation.framework; path = System/Library/Frameworks/AVFoundation.framework; sourceTree = SDKROOT; };
		DB27D9B8163E2D210016E277 /* bouncingballsound.mp3 */ = {isa = PBXFileReference; lastKnownFileType = audio.mp3; name = bouncingballsound.mp3; path = ../../../Downloads/bouncingballsound.mp3; sourceTree = "<group>"; };
		DB27D9DA163E33CC0016E277 /* increase_agility.mp3 */ = {isa = PBXFileReference; lastKnownFileType = audio.mp3; path = increase_agility.mp3; sourceTree = "<group>"; };
		DB27D9DC163E33E30016E277 /* crazy_kart_intro.mp3 */ = {isa = PBXFileReference; lastKnownFileType = audio.mp3; path = crazy_kart_intro.mp3; sourceTree = "<group>"; };
		DB27D9DE163E37B20016E277 /* magnetized.png */ = {isa = PBXFileReference; lastKnownFileType = image.png; path = magnetized.png; sourceTree = "<group>"; };
		DB27D9E4163E39F50016E277 /* buzz.png */ = {isa = PBXFileReference; lastKnownFileType = image.png; path = buzz.png; sourceTree = "<group>"; };
		DB27D9E6163E3A740016E277 /* rocketOn.png */ = {isa = PBXFileReference; lastKnownFileType = image.png; path = rocketOn.png; sourceTree = "<group>"; };
		DB2CB150162FF04300A4BF8B /* CrazyRocketManApp.app */ = {isa = PBXFileReference; explicitFileType = wrapper.application; includeInIndex = 0; path = CrazyRocketManApp.app; sourceTree = BUILT_PRODUCTS_DIR; };
		DB2CB154162FF04300A4BF8B /* UIKit.framework */ = {isa = PBXFileReference; lastKnownFileType = wrapper.framework; name = UIKit.framework; path = System/Library/Frameworks/UIKit.framework; sourceTree = SDKROOT; };
		DB2CB156162FF04300A4BF8B /* Foundation.framework */ = {isa = PBXFileReference; lastKnownFileType = wrapper.framework; name = Foundation.framework; path = System/Library/Frameworks/Foundation.framework; sourceTree = SDKROOT; };
		DB2CB158162FF04300A4BF8B /* CoreGraphics.framework */ = {isa = PBXFileReference; lastKnownFileType = wrapper.framework; name = CoreGraphics.framework; path = System/Library/Frameworks/CoreGraphics.framework; sourceTree = SDKROOT; };
		DB2CB15C162FF04300A4BF8B /* CrazyRocketManApp-Info.plist */ = {isa = PBXFileReference; lastKnownFileType = text.plist.xml; path = "CrazyRocketManApp-Info.plist"; sourceTree = "<group>"; };
		DB2CB15E162FF04300A4BF8B /* en */ = {isa = PBXFileReference; lastKnownFileType = text.plist.strings; name = en; path = en.lproj/InfoPlist.strings; sourceTree = "<group>"; };
		DB2CB160162FF04300A4BF8B /* main.m */ = {isa = PBXFileReference; lastKnownFileType = sourcecode.c.objc; path = main.m; sourceTree = "<group>"; };
		DB2CB162162FF04300A4BF8B /* CrazyRocketManApp-Prefix.pch */ = {isa = PBXFileReference; lastKnownFileType = sourcecode.c.h; path = "CrazyRocketManApp-Prefix.pch"; sourceTree = "<group>"; };
		DB2CB163162FF04300A4BF8B /* CrazyRocketManAppAppDelegate.h */ = {isa = PBXFileReference; lastKnownFileType = sourcecode.c.h; path = CrazyRocketManAppAppDelegate.h; sourceTree = "<group>"; };
		DB2CB164162FF04300A4BF8B /* CrazyRocketManAppAppDelegate.m */ = {isa = PBXFileReference; lastKnownFileType = sourcecode.c.objc; path = CrazyRocketManAppAppDelegate.m; sourceTree = "<group>"; };
		DB2CB16B162FF0A300A4BF8B /* GameViewController.h */ = {isa = PBXFileReference; fileEncoding = 4; lastKnownFileType = sourcecode.c.h; path = GameViewController.h; sourceTree = "<group>"; };
		DB2CB16C162FF0A300A4BF8B /* GameViewController.m */ = {isa = PBXFileReference; fileEncoding = 4; lastKnownFileType = sourcecode.c.objc; path = GameViewController.m; sourceTree = "<group>"; };
		DB2CB16D162FF0A300A4BF8B /* GameViewController.xib */ = {isa = PBXFileReference; fileEncoding = 4; lastKnownFileType = file.xib; path = GameViewController.xib; sourceTree = "<group>"; };
		DB41E5081637791900C0B82D /* gas.png */ = {isa = PBXFileReference; lastKnownFileType = image.png; path = gas.png; sourceTree = "<group>"; };
		DB41E510163780CD00C0B82D /* crudeoil.png */ = {isa = PBXFileReference; lastKnownFileType = image.png; path = crudeoil.png; sourceTree = "<group>"; };
		DB41E5121637E1A800C0B82D /* Coins.h */ = {isa = PBXFileReference; fileEncoding = 4; lastKnownFileType = sourcecode.c.h; path = Coins.h; sourceTree = "<group>"; };
		DB41E5131637E1A800C0B82D /* Coins.m */ = {isa = PBXFileReference; fileEncoding = 4; lastKnownFileType = sourcecode.c.objc; path = Coins.m; sourceTree = "<group>"; };
		DB41E51A1637E5C600C0B82D /* silvercoin.png */ = {isa = PBXFileReference; lastKnownFileType = image.png; path = silvercoin.png; sourceTree = "<group>"; };
		DB41E51C1637E5DA00C0B82D /* bronzecoin.png */ = {isa = PBXFileReference; lastKnownFileType = image.png; path = bronzecoin.png; sourceTree = "<group>"; };
		DB48FAD516363DC800AD2C0B /* goldcoin.png */ = {isa = PBXFileReference; lastKnownFileType = image.png; path = goldcoin.png; sourceTree = "<group>"; };
		DB48FAD816363DFE00AD2C0B /* platform.png */ = {isa = PBXFileReference; lastKnownFileType = image.png; path = platform.png; sourceTree = "<group>"; };
		DB48FADA16363E0B00AD2C0B /* BH2.png */ = {isa = PBXFileReference; lastKnownFileType = image.png; path = BH2.png; sourceTree = "<group>"; };
		DB4A9B75163E3BF1004B5CA0 /* battery.png */ = {isa = PBXFileReference; lastKnownFileType = image.png; path = battery.png; sourceTree = "<group>"; };
		DB4A9B78163E4B50004B5CA0 /* coil.png */ = {isa = PBXFileReference; lastKnownFileType = image.png; path = coil.png; sourceTree = "<group>"; };
		DB4A9B7A163E4BE8004B5CA0 /* life.png */ = {isa = PBXFileReference; lastKnownFileType = image.png; path = life.png; sourceTree = "<group>"; };
		DB4A9BA5163E4C53004B5CA0 /* asteroid2.png */ = {isa = PBXFileReference; lastKnownFileType = image.png; path = asteroid2.png; sourceTree = "<group>"; };
		DB4A9BA7163E4CFA004B5CA0 /* jetpack2.png */ = {isa = PBXFileReference; lastKnownFileType = image.png; path = jetpack2.png; sourceTree = "<group>"; };
		DB4A9BA9163E4DF0004B5CA0 /* refinery.png */ = {isa = PBXFileReference; lastKnownFileType = image.png; path = refinery.png; sourceTree = "<group>"; };
		DB4A9BAB163E4EAE004B5CA0 /* tesla.png */ = {isa = PBXFileReference; lastKnownFileType = image.png; path = tesla.png; sourceTree = "<group>"; };
		DB4A9BAD163E5000004B5CA0 /* alien7.png */ = {isa = PBXFileReference; lastKnownFileType = image.png; path = alien7.png; sourceTree = "<group>"; };
		DB4A9BAE163E5000004B5CA0 /* alien6.png */ = {isa = PBXFileReference; lastKnownFileType = image.png; path = alien6.png; sourceTree = "<group>"; };
		DB4A9BAF163E5001004B5CA0 /* alien5.png */ = {isa = PBXFileReference; lastKnownFileType = image.png; path = alien5.png; sourceTree = "<group>"; };
		DB4A9BB0163E5001004B5CA0 /* alien4.png */ = {isa = PBXFileReference; lastKnownFileType = image.png; path = alien4.png; sourceTree = "<group>"; };
		DB4A9BB1163E5002004B5CA0 /* alien3.png */ = {isa = PBXFileReference; lastKnownFileType = image.png; path = alien3.png; sourceTree = "<group>"; };
		DB4A9BB2163E5002004B5CA0 /* alien2.png */ = {isa = PBXFileReference; lastKnownFileType = image.png; path = alien2.png; sourceTree = "<group>"; };
		DB4A9BB3163E5003004B5CA0 /* alien1.png */ = {isa = PBXFileReference; lastKnownFileType = image.png; path = alien1.png; sourceTree = "<group>"; };
		DB4A9BBB163E550F004B5CA0 /* stars copy.png */ = {isa = PBXFileReference; lastKnownFileType = image.png; path = "stars copy.png"; sourceTree = "<group>"; };
		DB4A9BBD163E5773004B5CA0 /* electric_shock.mp3 */ = {isa = PBXFileReference; lastKnownFileType = audio.mp3; path = electric_shock.mp3; sourceTree = "<group>"; };
		DB4A9BBF163E5BA3004B5CA0 /* tuning_fork.mp3 */ = {isa = PBXFileReference; lastKnownFileType = audio.mp3; path = tuning_fork.mp3; sourceTree = "<group>"; };
		DB4A9BC1163E5FE5004B5CA0 /* howTo5.png */ = {isa = PBXFileReference; lastKnownFileType = image.png; path = howTo5.png; sourceTree = "<group>"; };
		DB4A9BC2163E5FE6004B5CA0 /* howTo4.png */ = {isa = PBXFileReference; lastKnownFileType = image.png; path = howTo4.png; sourceTree = "<group>"; };
		DB4A9BC3163E5FE7004B5CA0 /* howTo3.png */ = {isa = PBXFileReference; lastKnownFileType = image.png; path = howTo3.png; sourceTree = "<group>"; };
		DB4A9BC4163E5FEB004B5CA0 /* howTo2.png */ = {isa = PBXFileReference; lastKnownFileType = image.png; path = howTo2.png; sourceTree = "<group>"; };
		DB4A9BC5163E5FEF004B5CA0 /* howTo1.png */ = {isa = PBXFileReference; lastKnownFileType = image.png; path = howTo1.png; sourceTree = "<group>"; };
		DB4A9BCB163E6680004B5CA0 /* mainview.png */ = {isa = PBXFileReference; lastKnownFileType = image.png; path = mainview.png; sourceTree = "<group>"; };
		DB4A9BCD163E6912004B5CA0 /* playpause.png */ = {isa = PBXFileReference; lastKnownFileType = image.png; path = playpause.png; sourceTree = "<group>"; };
		DB4A9BCE163E6913004B5CA0 /* highscoreview.png */ = {isa = PBXFileReference; lastKnownFileType = image.png; path = highscoreview.png; sourceTree = "<group>"; };
		DB4A9BD1163E7040004B5CA0 /* mainview-1.png */ = {isa = PBXFileReference; lastKnownFileType = image.png; path = "mainview-1.png"; sourceTree = "<group>"; };
		DB4A9BD3163E70A3004B5CA0 /* mainview-1.png */ = {isa = PBXFileReference; lastKnownFileType = image.png; path = "mainview-1.png"; sourceTree = "<group>"; };
		DBB6110816393D05004ED475 /* HighScoreViewController.h */ = {isa = PBXFileReference; fileEncoding = 4; lastKnownFileType = sourcecode.c.h; path = HighScoreViewController.h; sourceTree = "<group>"; };
		DBB6110916393D05004ED475 /* HighScoreViewController.m */ = {isa = PBXFileReference; fileEncoding = 4; lastKnownFileType = sourcecode.c.objc; path = HighScoreViewController.m; sourceTree = "<group>"; };
		DBB6110A16393D05004ED475 /* HighScoreViewController.xib */ = {isa = PBXFileReference; fileEncoding = 4; lastKnownFileType = file.xib; path = HighScoreViewController.xib; sourceTree = "<group>"; };
		DBB6110B16393D05004ED475 /* homebutton.png */ = {isa = PBXFileReference; lastKnownFileType = image.png; path = homebutton.png; sourceTree = "<group>"; };
		DBB6110C16393D05004ED475 /* howtobutton.png */ = {isa = PBXFileReference; lastKnownFileType = image.png; path = howtobutton.png; sourceTree = "<group>"; };
		DBB6110D16393D05004ED475 /* iconbg.png */ = {isa = PBXFileReference; lastKnownFileType = image.png; path = iconbg.png; sourceTree = "<group>"; };
		DBB6110E16393D05004ED475 /* MainViewController.h */ = {isa = PBXFileReference; fileEncoding = 4; lastKnownFileType = sourcecode.c.h; path = MainViewController.h; sourceTree = "<group>"; };
		DBB6110F16393D05004ED475 /* MainViewController.m */ = {isa = PBXFileReference; fileEncoding = 4; lastKnownFileType = sourcecode.c.objc; path = MainViewController.m; sourceTree = "<group>"; };
		DBB6111016393D06004ED475 /* MainViewController.xib */ = {isa = PBXFileReference; fileEncoding = 4; lastKnownFileType = file.xib; path = MainViewController.xib; sourceTree = "<group>"; };
		DBB6111116393D06004ED475 /* startbutton.png */ = {isa = PBXFileReference; lastKnownFileType = image.png; path = startbutton.png; sourceTree = "<group>"; };
		DBB6112016394083004ED475 /* HowToViewController.h */ = {isa = PBXFileReference; fileEncoding = 4; lastKnownFileType = sourcecode.c.h; path = HowToViewController.h; sourceTree = "<group>"; };
		DBB6112116394083004ED475 /* HowToViewController.m */ = {isa = PBXFileReference; fileEncoding = 4; lastKnownFileType = sourcecode.c.objc; path = HowToViewController.m; sourceTree = "<group>"; };
		DBB6112216394083004ED475 /* HowToViewController.xib */ = {isa = PBXFileReference; fileEncoding = 4; lastKnownFileType = file.xib; path = HowToViewController.xib; sourceTree = "<group>"; };
		DBB61125163940DE004ED475 /* highscore.png */ = {isa = PBXFileReference; lastKnownFileType = image.png; path = highscore.png; sourceTree = "<group>"; };
		DBB6112716394180004ED475 /* backarrow.png */ = {isa = PBXFileReference; lastKnownFileType = image.png; path = backarrow.png; sourceTree = "<group>"; };
		DBB6112816394180004ED475 /* goarrow.png */ = {isa = PBXFileReference; lastKnownFileType = image.png; path = goarrow.png; sourceTree = "<group>"; };
		DBB6112B16394C3B004ED475 /* ElectricOrb.png */ = {isa = PBXFileReference; lastKnownFileType = image.png; path = ElectricOrb.png; sourceTree = "<group>"; };
/* End PBXFileReference section */

/* Begin PBXFrameworksBuildPhase section */
		DB2CB14D162FF04300A4BF8B /* Frameworks */ = {
			isa = PBXFrameworksBuildPhase;
			buildActionMask = 2147483647;
			files = (
				DB2CB155162FF04300A4BF8B /* UIKit.framework in Frameworks */,
				DB2CB157162FF04300A4BF8B /* Foundation.framework in Frameworks */,
				DB2CB159162FF04300A4BF8B /* CoreGraphics.framework in Frameworks */,
				DB27D9B7163E2CE40016E277 /* AVFoundation.framework in Frameworks */,
			);
			runOnlyForDeploymentPostprocessing = 0;
		};
/* End PBXFrameworksBuildPhase section */

/* Begin PBXGroup section */
		DB27D9A9163E221D0016E277 /* GameOver */ = {
			isa = PBXGroup;
			children = (
				DB142B381639158200B3E1F6 /* GameOverViewController.h */,
				DB142B391639158200B3E1F6 /* GameOverViewController.m */,
				DB142B3A1639158200B3E1F6 /* GameOverViewController.xib */,
			);
			name = GameOver;
			sourceTree = "<group>";
		};
		DB27D9AA163E222E0016E277 /* howTO */ = {
			isa = PBXGroup;
			children = (
				DBB6112016394083004ED475 /* HowToViewController.h */,
				DBB6112116394083004ED475 /* HowToViewController.m */,
				DBB6112216394083004ED475 /* HowToViewController.xib */,
			);
			name = howTO;
			sourceTree = "<group>";
		};
		DB27D9AB163E224D0016E277 /* Main */ = {
			isa = PBXGroup;
			children = (
				DBB6110E16393D05004ED475 /* MainViewController.h */,
				DBB6110F16393D05004ED475 /* MainViewController.m */,
				DBB6111016393D06004ED475 /* MainViewController.xib */,
			);
			name = Main;
			sourceTree = "<group>";
		};
		DB27D9AC163E22590016E277 /* GameView */ = {
			isa = PBXGroup;
			children = (
				DB2CB16B162FF0A300A4BF8B /* GameViewController.h */,
				DB2CB16C162FF0A300A4BF8B /* GameViewController.m */,
				DB2CB16D162FF0A300A4BF8B /* GameViewController.xib */,
			);
			name = GameView;
			sourceTree = "<group>";
		};
		DB27D9AD163E22620016E277 /* High Score */ = {
			isa = PBXGroup;
			children = (
				DBB6110816393D05004ED475 /* HighScoreViewController.h */,
				DBB6110A16393D05004ED475 /* HighScoreViewController.xib */,
				DBB6110916393D05004ED475 /* HighScoreViewController.m */,
			);
			name = "High Score";
			sourceTree = "<group>";
		};
		DB27D9AE163E226C0016E277 /* Coins */ = {
			isa = PBXGroup;
			children = (
				DB41E5121637E1A800C0B82D /* Coins.h */,
				DB41E5131637E1A800C0B82D /* Coins.m */,
			);
			name = Coins;
			sourceTree = "<group>";
		};
		DB27D9AF163E227E0016E277 /* Resources */ = {
			isa = PBXGroup;
			children = (
				DB4A9BD1163E7040004B5CA0 /* mainview-1.png */,
				DB4A9BCD163E6912004B5CA0 /* playpause.png */,
				DB4A9BCE163E6913004B5CA0 /* highscoreview.png */,
				DB4A9BCB163E6680004B5CA0 /* mainview.png */,
				DBB6110B16393D05004ED475 /* homebutton.png */,
				DBB6112B16394C3B004ED475 /* ElectricOrb.png */,
				DBB6110C16393D05004ED475 /* howtobutton.png */,
				DBB6112716394180004ED475 /* backarrow.png */,
				DB4A9BBD163E5773004B5CA0 /* electric_shock.mp3 */,
				DBB6112816394180004ED475 /* goarrow.png */,
				DBB6110D16393D05004ED475 /* iconbg.png */,
				DBB61125163940DE004ED475 /* highscore.png */,
				DBB6111116393D06004ED475 /* startbutton.png */,
				DB41E51C1637E5DA00C0B82D /* bronzecoin.png */,
				DB4A9BA9163E4DF0004B5CA0 /* refinery.png */,
				DB4A9BBF163E5BA3004B5CA0 /* tuning_fork.mp3 */,
				DB27D9B8163E2D210016E277 /* bouncingballsound.mp3 */,
				DB4A9B75163E3BF1004B5CA0 /* battery.png */,
				DB4A9BA5163E4C53004B5CA0 /* asteroid2.png */,
				DB27D9DA163E33CC0016E277 /* increase_agility.mp3 */,
				DB48FAD516363DC800AD2C0B /* goldcoin.png */,
				DB27D9DE163E37B20016E277 /* magnetized.png */,
				DB27D9E6163E3A740016E277 /* rocketOn.png */,
				DB4A9BBB163E550F004B5CA0 /* stars copy.png */,
				DB27D9E4163E39F50016E277 /* buzz.png */,
				DB4A9BA7163E4CFA004B5CA0 /* jetpack2.png */,
				DB4A9BAD163E5000004B5CA0 /* alien7.png */,
				DB4A9BAE163E5000004B5CA0 /* alien6.png */,
				DB4A9BAF163E5001004B5CA0 /* alien5.png */,
				DB4A9BC1163E5FE5004B5CA0 /* howTo5.png */,
				DB4A9BC2163E5FE6004B5CA0 /* howTo4.png */,
				DB4A9BC3163E5FE7004B5CA0 /* howTo3.png */,
				DB4A9BC4163E5FEB004B5CA0 /* howTo2.png */,
				DB4A9BC5163E5FEF004B5CA0 /* howTo1.png */,
				DB4A9BB0163E5001004B5CA0 /* alien4.png */,
				DB4A9BB1163E5002004B5CA0 /* alien3.png */,
				DB4A9BB2163E5002004B5CA0 /* alien2.png */,
				DB4A9BB3163E5003004B5CA0 /* alien1.png */,
				DB4A9BAB163E4EAE004B5CA0 /* tesla.png */,
				DB4A9B78163E4B50004B5CA0 /* coil.png */,
				DB27D9DC163E33E30016E277 /* crazy_kart_intro.mp3 */,
				DB4A9B7A163E4BE8004B5CA0 /* life.png */,
				DB41E51A1637E5C600C0B82D /* silvercoin.png */,
				DB41E5081637791900C0B82D /* gas.png */,
				DB41E510163780CD00C0B82D /* crudeoil.png */,
				DB48FAD816363DFE00AD2C0B /* platform.png */,
				DB48FADA16363E0B00AD2C0B /* BH2.png */,
			);
			name = Resources;
			sourceTree = "<group>";
		};
		DB27D9B5163E253D0016E277 /* finish */ = {
			isa = PBXGroup;
			children = (
				DB27D9B0163E248A0016E277 /* GameFinishedViewController.h */,
				DB27D9B1163E248A0016E277 /* GameFinishedViewController.m */,
				DB27D9B2163E248B0016E277 /* GameFinishedViewController.xib */,
			);
			name = finish;
			sourceTree = "<group>";
		};
		DB2CB145162FF04300A4BF8B = {
			isa = PBXGroup;
			children = (
				DB4A9BD3163E70A3004B5CA0 /* mainview-1.png */,
				DB2CB15A162FF04300A4BF8B /* CrazyRocketManApp */,
				DB2CB153162FF04300A4BF8B /* Frameworks */,
				DB2CB151162FF04300A4BF8B /* Products */,
			);
			sourceTree = "<group>";
		};
		DB2CB151162FF04300A4BF8B /* Products */ = {
			isa = PBXGroup;
			children = (
				DB2CB150162FF04300A4BF8B /* CrazyRocketManApp.app */,
			);
			name = Products;
			sourceTree = "<group>";
		};
		DB2CB153162FF04300A4BF8B /* Frameworks */ = {
			isa = PBXGroup;
			children = (
				DB27D9B6163E2CE40016E277 /* AVFoundation.framework */,
				DB2CB154162FF04300A4BF8B /* UIKit.framework */,
				DB2CB156162FF04300A4BF8B /* Foundation.framework */,
				DB2CB158162FF04300A4BF8B /* CoreGraphics.framework */,
			);
			name = Frameworks;
			sourceTree = "<group>";
		};
		DB2CB15A162FF04300A4BF8B /* CrazyRocketManApp */ = {
			isa = PBXGroup;
			children = (
				DB2CB163162FF04300A4BF8B /* CrazyRocketManAppAppDelegate.h */,
				DB2CB164162FF04300A4BF8B /* CrazyRocketManAppAppDelegate.m */,
				DB27D9B5163E253D0016E277 /* finish */,
				DB27D9AC163E22590016E277 /* GameView */,
				DB27D9AB163E224D0016E277 /* Main */,
				DB27D9A9163E221D0016E277 /* GameOver */,
				DB27D9AA163E222E0016E277 /* howTO */,
				DB27D9AE163E226C0016E277 /* Coins */,
				DB27D9AD163E22620016E277 /* High Score */,
				DB27D9AF163E227E0016E277 /* Resources */,
				DB2CB15B162FF04300A4BF8B /* Supporting Files */,
			);
			path = CrazyRocketManApp;
			sourceTree = "<group>";
		};
		DB2CB15B162FF04300A4BF8B /* Supporting Files */ = {
			isa = PBXGroup;
			children = (
				DB2CB15C162FF04300A4BF8B /* CrazyRocketManApp-Info.plist */,
				DB2CB15D162FF04300A4BF8B /* InfoPlist.strings */,
				DB2CB160162FF04300A4BF8B /* main.m */,
				DB2CB162162FF04300A4BF8B /* CrazyRocketManApp-Prefix.pch */,
			);
			name = "Supporting Files";
			sourceTree = "<group>";
		};
/* End PBXGroup section */

/* Begin PBXNativeTarget section */
		DB2CB14F162FF04300A4BF8B /* CrazyRocketManApp */ = {
			isa = PBXNativeTarget;
			buildConfigurationList = DB2CB168162FF04300A4BF8B /* Build configuration list for PBXNativeTarget "CrazyRocketManApp" */;
			buildPhases = (
				DB2CB14C162FF04300A4BF8B /* Sources */,
				DB2CB14D162FF04300A4BF8B /* Frameworks */,
				DB2CB14E162FF04300A4BF8B /* Resources */,
			);
			buildRules = (
			);
			dependencies = (
			);
			name = CrazyRocketManApp;
			productName = CrazyRocketManApp;
			productReference = DB2CB150162FF04300A4BF8B /* CrazyRocketManApp.app */;
			productType = "com.apple.product-type.application";
		};
/* End PBXNativeTarget section */

/* Begin PBXProject section */
		DB2CB147162FF04300A4BF8B /* Project object */ = {
			isa = PBXProject;
			attributes = {
				CLASSPREFIX = CrazyRocketManApp;
				LastUpgradeCheck = 0440;
				ORGANIZATIONNAME = "Regie G. Pinat";
			};
			buildConfigurationList = DB2CB14A162FF04300A4BF8B /* Build configuration list for PBXProject "CrazyRocketManApp" */;
			compatibilityVersion = "Xcode 3.2";
			developmentRegion = English;
			hasScannedForEncodings = 0;
			knownRegions = (
				en,
			);
			mainGroup = DB2CB145162FF04300A4BF8B;
			productRefGroup = DB2CB151162FF04300A4BF8B /* Products */;
			projectDirPath = "";
			projectRoot = "";
			targets = (
				DB2CB14F162FF04300A4BF8B /* CrazyRocketManApp */,
			);
		};
/* End PBXProject section */

/* Begin PBXResourcesBuildPhase section */
		DB2CB14E162FF04300A4BF8B /* Resources */ = {
			isa = PBXResourcesBuildPhase;
			buildActionMask = 2147483647;
			files = (
				DB2CB15F162FF04300A4BF8B /* InfoPlist.strings in Resources */,
				DB2CB16F162FF0A300A4BF8B /* GameViewController.xib in Resources */,
				DB48FAD616363DC800AD2C0B /* goldcoin.png in Resources */,
				DB48FAD916363DFE00AD2C0B /* platform.png in Resources */,
				DB48FADB16363E0B00AD2C0B /* BH2.png in Resources */,
				DB41E50C1637791900C0B82D /* gas.png in Resources */,
				DB41E511163780CD00C0B82D /* crudeoil.png in Resources */,
				DB41E51B1637E5C600C0B82D /* silvercoin.png in Resources */,
				DB41E51D1637E5DA00C0B82D /* bronzecoin.png in Resources */,
				DB142B3C1639158200B3E1F6 /* GameOverViewController.xib in Resources */,
				DBB6111316393D06004ED475 /* HighScoreViewController.xib in Resources */,
				DBB6111416393D06004ED475 /* homebutton.png in Resources */,
				DBB6111516393D06004ED475 /* howtobutton.png in Resources */,
				DBB6111616393D06004ED475 /* iconbg.png in Resources */,
				DBB6111816393D06004ED475 /* MainViewController.xib in Resources */,
				DBB6111916393D06004ED475 /* startbutton.png in Resources */,
				DBB6112416394083004ED475 /* HowToViewController.xib in Resources */,
				DBB61126163940DE004ED475 /* highscore.png in Resources */,
				DBB6112916394181004ED475 /* backarrow.png in Resources */,
				DBB6112A16394181004ED475 /* goarrow.png in Resources */,
				DBB6112C16394C3B004ED475 /* ElectricOrb.png in Resources */,
				DB27D9B4163E248B0016E277 /* GameFinishedViewController.xib in Resources */,
				DB27D9B9163E2D210016E277 /* bouncingballsound.mp3 in Resources */,
				DB27D9DB163E33CC0016E277 /* increase_agility.mp3 in Resources */,
				DB27D9DD163E33E30016E277 /* crazy_kart_intro.mp3 in Resources */,
				DB27D9DF163E37B30016E277 /* magnetized.png in Resources */,
				DB27D9E5163E39F50016E277 /* buzz.png in Resources */,
				DB27D9E7163E3A750016E277 /* rocketOn.png in Resources */,
				DB4A9B76163E3BF2004B5CA0 /* battery.png in Resources */,
				DB4A9B79163E4B51004B5CA0 /* coil.png in Resources */,
				DB4A9B7B163E4BE9004B5CA0 /* life.png in Resources */,
				DB4A9BA6163E4C53004B5CA0 /* asteroid2.png in Resources */,
				DB4A9BA8163E4CFA004B5CA0 /* jetpack2.png in Resources */,
				DB4A9BAA163E4DF1004B5CA0 /* refinery.png in Resources */,
				DB4A9BAC163E4EAF004B5CA0 /* tesla.png in Resources */,
				DB4A9BB4163E5003004B5CA0 /* alien7.png in Resources */,
				DB4A9BB5163E5003004B5CA0 /* alien6.png in Resources */,
				DB4A9BB6163E5003004B5CA0 /* alien5.png in Resources */,
				DB4A9BB7163E5003004B5CA0 /* alien4.png in Resources */,
				DB4A9BB8163E5003004B5CA0 /* alien3.png in Resources */,
				DB4A9BB9163E5003004B5CA0 /* alien2.png in Resources */,
				DB4A9BBA163E5003004B5CA0 /* alien1.png in Resources */,
				DB4A9BBC163E5510004B5CA0 /* stars copy.png in Resources */,
				DB4A9BBE163E5774004B5CA0 /* electric_shock.mp3 in Resources */,
				DB4A9BC0163E5BA4004B5CA0 /* tuning_fork.mp3 in Resources */,
				DB4A9BC6163E5FF1004B5CA0 /* howTo5.png in Resources */,
				DB4A9BC7163E5FF1004B5CA0 /* howTo4.png in Resources */,
				DB4A9BC8163E5FF1004B5CA0 /* howTo3.png in Resources */,
				DB4A9BC9163E5FF1004B5CA0 /* howTo2.png in Resources */,
				DB4A9BCA163E5FF1004B5CA0 /* howTo1.png in Resources */,
				DB4A9BCC163E6681004B5CA0 /* mainview.png in Resources */,
				DB4A9BCF163E6915004B5CA0 /* playpause.png in Resources */,
				DB4A9BD0163E6915004B5CA0 /* highscoreview.png in Resources */,
				DB4A9BD2163E7041004B5CA0 /* mainview-1.png in Resources */,
				DB4A9BD4163E70A3004B5CA0 /* mainview-1.png in Resources */,
			);
			runOnlyForDeploymentPostprocessing = 0;
		};
/* End PBXResourcesBuildPhase section */

/* Begin PBXSourcesBuildPhase section */
		DB2CB14C162FF04300A4BF8B /* Sources */ = {
			isa = PBXSourcesBuildPhase;
			buildActionMask = 2147483647;
			files = (
				DB2CB161162FF04300A4BF8B /* main.m in Sources */,
				DB2CB165162FF04300A4BF8B /* CrazyRocketManAppAppDelegate.m in Sources */,
				DB2CB16E162FF0A300A4BF8B /* GameViewController.m in Sources */,
				DB41E5141637E1A800C0B82D /* Coins.m in Sources */,
				DB142B3B1639158200B3E1F6 /* GameOverViewController.m in Sources */,
				DBB6111216393D06004ED475 /* HighScoreViewController.m in Sources */,
				DBB6111716393D06004ED475 /* MainViewController.m in Sources */,
				DBB6112316394083004ED475 /* HowToViewController.m in Sources */,
				DB27D9B3163E248B0016E277 /* GameFinishedViewController.m in Sources */,
			);
			runOnlyForDeploymentPostprocessing = 0;
		};
/* End PBXSourcesBuildPhase section */

/* Begin PBXVariantGroup section */
		DB2CB15D162FF04300A4BF8B /* InfoPlist.strings */ = {
			isa = PBXVariantGroup;
			children = (
				DB2CB15E162FF04300A4BF8B /* en */,
			);
			name = InfoPlist.strings;
			sourceTree = "<group>";
		};
/* End PBXVariantGroup section */

/* Begin XCBuildConfiguration section */
		DB2CB166162FF04300A4BF8B /* Debug */ = {
			isa = XCBuildConfiguration;
			buildSettings = {
				ALWAYS_SEARCH_USER_PATHS = NO;
				ARCHS = "$(ARCHS_STANDARD_32_BIT)";
				CLANG_CXX_LANGUAGE_STANDARD = "gnu++0x";
				CLANG_ENABLE_OBJC_ARC = YES;
				CLANG_WARN__DUPLICATE_METHOD_MATCH = YES;
				"CODE_SIGN_IDENTITY[sdk=iphoneos*]" = "iPhone Developer";
				COPY_PHASE_STRIP = NO;
				GCC_C_LANGUAGE_STANDARD = gnu99;
				GCC_DYNAMIC_NO_PIC = NO;
				GCC_OPTIMIZATION_LEVEL = 0;
				GCC_PREPROCESSOR_DEFINITIONS = (
					"DEBUG=1",
					"$(inherited)",
				);
				GCC_SYMBOLS_PRIVATE_EXTERN = NO;
				GCC_VERSION = com.apple.compilers.llvm.clang.1_0;
				GCC_WARN_ABOUT_RETURN_TYPE = YES;
				GCC_WARN_UNINITIALIZED_AUTOS = YES;
				GCC_WARN_UNUSED_VARIABLE = YES;
				IPHONEOS_DEPLOYMENT_TARGET = 5.1;
				SDKROOT = iphoneos;
			};
			name = Debug;
		};
		DB2CB167162FF04300A4BF8B /* Release */ = {
			isa = XCBuildConfiguration;
			buildSettings = {
				ALWAYS_SEARCH_USER_PATHS = NO;
				ARCHS = "$(ARCHS_STANDARD_32_BIT)";
				CLANG_CXX_LANGUAGE_STANDARD = "gnu++0x";
				CLANG_ENABLE_OBJC_ARC = YES;
				CLANG_WARN__DUPLICATE_METHOD_MATCH = YES;
				"CODE_SIGN_IDENTITY[sdk=iphoneos*]" = "iPhone Developer";
				COPY_PHASE_STRIP = YES;
				GCC_C_LANGUAGE_STANDARD = gnu99;
				GCC_VERSION = com.apple.compilers.llvm.clang.1_0;
				GCC_WARN_ABOUT_RETURN_TYPE = YES;
				GCC_WARN_UNINITIALIZED_AUTOS = YES;
				GCC_WARN_UNUSED_VARIABLE = YES;
				IPHONEOS_DEPLOYMENT_TARGET = 5.1;
				OTHER_CFLAGS = "-DNS_BLOCK_ASSERTIONS=1";
				SDKROOT = iphoneos;
				VALIDATE_PRODUCT = YES;
			};
			name = Release;
		};
		DB2CB169162FF04300A4BF8B /* Debug */ = {
			isa = XCBuildConfiguration;
			buildSettings = {
				GCC_PRECOMPILE_PREFIX_HEADER = YES;
				GCC_PREFIX_HEADER = "CrazyRocketManApp/CrazyRocketManApp-Prefix.pch";
				INFOPLIST_FILE = "CrazyRocketManApp/CrazyRocketManApp-Info.plist";
				PRODUCT_NAME = "$(TARGET_NAME)";
				WRAPPER_EXTENSION = app;
			};
			name = Debug;
		};
		DB2CB16A162FF04300A4BF8B /* Release */ = {
			isa = XCBuildConfiguration;
			buildSettings = {
				GCC_PRECOMPILE_PREFIX_HEADER = YES;
				GCC_PREFIX_HEADER = "CrazyRocketManApp/CrazyRocketManApp-Prefix.pch";
				INFOPLIST_FILE = "CrazyRocketManApp/CrazyRocketManApp-Info.plist";
				PRODUCT_NAME = "$(TARGET_NAME)";
				WRAPPER_EXTENSION = app;
			};
			name = Release;
		};
/* End XCBuildConfiguration section */

/* Begin XCConfigurationList section */
		DB2CB14A162FF04300A4BF8B /* Build configuration list for PBXProject "CrazyRocketManApp" */ = {
			isa = XCConfigurationList;
			buildConfigurations = (
				DB2CB166162FF04300A4BF8B /* Debug */,
				DB2CB167162FF04300A4BF8B /* Release */,
			);
			defaultConfigurationIsVisible = 0;
			defaultConfigurationName = Release;
		};
		DB2CB168162FF04300A4BF8B /* Build configuration list for PBXNativeTarget "CrazyRocketManApp" */ = {
			isa = XCConfigurationList;
			buildConfigurations = (
				DB2CB169162FF04300A4BF8B /* Debug */,
				DB2CB16A162FF04300A4BF8B /* Release */,
			);
			defaultConfigurationIsVisible = 0;
			defaultConfigurationName = Release;
		};
/* End XCConfigurationList section */
	};
	rootObject = DB2CB147162FF04300A4BF8B /* Project object */;
}
