// !$*UTF8*$!
{
	archiveVersion = 1;
	classes = {
	};
	objectVersion = 46;
	objects = {

/* Begin PBXBuildFile section */
		DB142B3B1639158200B3E1F6 /* GameOverViewController.m in Sources */ = {isa = PBXBuildFile; fileRef = DB142B391639158200B3E1F6 /* GameOverViewController.m */; };
		DB142B3C1639158200B3E1F6 /* GameOverViewController.xib in Resources */ = {isa = PBXBuildFile; fileRef = DB142B3A1639158200B3E1F6 /* GameOverViewController.xib */; };
		DB142B47163924B000B3E1F6 /* tesla.png in Resources */ = {isa = PBXBuildFile; fileRef = DB142B46163924AF00B3E1F6 /* tesla.png */; };
		DB2CB155162FF04300A4BF8B /* UIKit.framework in Frameworks */ = {isa = PBXBuildFile; fileRef = DB2CB154162FF04300A4BF8B /* UIKit.framework */; };
		DB2CB157162FF04300A4BF8B /* Foundation.framework in Frameworks */ = {isa = PBXBuildFile; fileRef = DB2CB156162FF04300A4BF8B /* Foundation.framework */; };
		DB2CB159162FF04300A4BF8B /* CoreGraphics.framework in Frameworks */ = {isa = PBXBuildFile; fileRef = DB2CB158162FF04300A4BF8B /* CoreGraphics.framework */; };
		DB2CB15F162FF04300A4BF8B /* InfoPlist.strings in Resources */ = {isa = PBXBuildFile; fileRef = DB2CB15D162FF04300A4BF8B /* InfoPlist.strings */; };
		DB2CB161162FF04300A4BF8B /* main.m in Sources */ = {isa = PBXBuildFile; fileRef = DB2CB160162FF04300A4BF8B /* main.m */; };
		DB2CB165162FF04300A4BF8B /* CrazyRocketManAppAppDelegate.m in Sources */ = {isa = PBXBuildFile; fileRef = DB2CB164162FF04300A4BF8B /* CrazyRocketManAppAppDelegate.m */; };
		DB2CB16E162FF0A300A4BF8B /* GameViewController.m in Sources */ = {isa = PBXBuildFile; fileRef = DB2CB16C162FF0A300A4BF8B /* GameViewController.m */; };
		DB2CB16F162FF0A300A4BF8B /* GameViewController.xib in Resources */ = {isa = PBXBuildFile; fileRef = DB2CB16D162FF0A300A4BF8B /* GameViewController.xib */; };
		DB41E50B1637791900C0B82D /* refinery.jpg in Resources */ = {isa = PBXBuildFile; fileRef = DB41E5071637791900C0B82D /* refinery.jpg */; };
		DB41E50C1637791900C0B82D /* gas.png in Resources */ = {isa = PBXBuildFile; fileRef = DB41E5081637791900C0B82D /* gas.png */; };
		DB41E50D1637791900C0B82D /* battery.png in Resources */ = {isa = PBXBuildFile; fileRef = DB41E5091637791900C0B82D /* battery.png */; };
		DB41E50E1637791900C0B82D /* coil.png in Resources */ = {isa = PBXBuildFile; fileRef = DB41E50A1637791900C0B82D /* coil.png */; };
		DB41E511163780CD00C0B82D /* crudeoil.png in Resources */ = {isa = PBXBuildFile; fileRef = DB41E510163780CD00C0B82D /* crudeoil.png */; };
		DB41E5141637E1A800C0B82D /* Coins.m in Sources */ = {isa = PBXBuildFile; fileRef = DB41E5131637E1A800C0B82D /* Coins.m */; };
		DB41E51B1637E5C600C0B82D /* silvercoin.png in Resources */ = {isa = PBXBuildFile; fileRef = DB41E51A1637E5C600C0B82D /* silvercoin.png */; };
		DB41E51D1637E5DA00C0B82D /* bronzecoin.png in Resources */ = {isa = PBXBuildFile; fileRef = DB41E51C1637E5DA00C0B82D /* bronzecoin.png */; };
		DB48FAD616363DC800AD2C0B /* goldcoin.png in Resources */ = {isa = PBXBuildFile; fileRef = DB48FAD516363DC800AD2C0B /* goldcoin.png */; };
		DB48FAD916363DFE00AD2C0B /* platform.png in Resources */ = {isa = PBXBuildFile; fileRef = DB48FAD816363DFE00AD2C0B /* platform.png */; };
		DB48FADB16363E0B00AD2C0B /* BH2.png in Resources */ = {isa = PBXBuildFile; fileRef = DB48FADA16363E0B00AD2C0B /* BH2.png */; };
		DBB6111216393D06004ED475 /* HighScoreViewController.m in Sources */ = {isa = PBXBuildFile; fileRef = DBB6110916393D05004ED475 /* HighScoreViewController.m */; };
		DBB6111316393D06004ED475 /* HighScoreViewController.xib in Resources */ = {isa = PBXBuildFile; fileRef = DBB6110A16393D05004ED475 /* HighScoreViewController.xib */; };
		DBB6111416393D06004ED475 /* homebutton.png in Resources */ = {isa = PBXBuildFile; fileRef = DBB6110B16393D05004ED475 /* homebutton.png */; };
		DBB6111516393D06004ED475 /* howtobutton.png in Resources */ = {isa = PBXBuildFile; fileRef = DBB6110C16393D05004ED475 /* howtobutton.png */; };
		DBB6111616393D06004ED475 /* iconbg.png in Resources */ = {isa = PBXBuildFile; fileRef = DBB6110D16393D05004ED475 /* iconbg.png */; };
		DBB6111716393D06004ED475 /* MainViewController.m in Sources */ = {isa = PBXBuildFile; fileRef = DBB6110F16393D05004ED475 /* MainViewController.m */; };
		DBB6111816393D06004ED475 /* MainViewController.xib in Resources */ = {isa = PBXBuildFile; fileRef = DBB6111016393D06004ED475 /* MainViewController.xib */; };
		DBB6111916393D06004ED475 /* startbutton.png in Resources */ = {isa = PBXBuildFile; fileRef = DBB6111116393D06004ED475 /* startbutton.png */; };
		DBB6112316394083004ED475 /* HowToViewController.m in Sources */ = {isa = PBXBuildFile; fileRef = DBB6112116394083004ED475 /* HowToViewController.m */; };
		DBB6112416394083004ED475 /* HowToViewController.xib in Resources */ = {isa = PBXBuildFile; fileRef = DBB6112216394083004ED475 /* HowToViewController.xib */; };
		DBB61126163940DE004ED475 /* highscore.png in Resources */ = {isa = PBXBuildFile; fileRef = DBB61125163940DE004ED475 /* highscore.png */; };
		DBB6112916394181004ED475 /* backarrow.png in Resources */ = {isa = PBXBuildFile; fileRef = DBB6112716394180004ED475 /* backarrow.png */; };
		DBB6112A16394181004ED475 /* goarrow.png in Resources */ = {isa = PBXBuildFile; fileRef = DBB6112816394180004ED475 /* goarrow.png */; };
		DBB6112C16394C3B004ED475 /* ElectricOrb.png in Resources */ = {isa = PBXBuildFile; fileRef = DBB6112B16394C3B004ED475 /* ElectricOrb.png */; };
/* End PBXBuildFile section */

/* Begin PBXFileReference section */
		DB142B381639158200B3E1F6 /* GameOverViewController.h */ = {isa = PBXFileReference; fileEncoding = 4; lastKnownFileType = sourcecode.c.h; path = GameOverViewController.h; sourceTree = "<group>"; };
		DB142B391639158200B3E1F6 /* GameOverViewController.m */ = {isa = PBXFileReference; fileEncoding = 4; lastKnownFileType = sourcecode.c.objc; path = GameOverViewController.m; sourceTree = "<group>"; };
		DB142B3A1639158200B3E1F6 /* GameOverViewController.xib */ = {isa = PBXFileReference; fileEncoding = 4; lastKnownFileType = file.xib; path = GameOverViewController.xib; sourceTree = "<group>"; };
		DB142B46163924AF00B3E1F6 /* tesla.png */ = {isa = PBXFileReference; lastKnownFileType = image.png; path = tesla.png; sourceTree = "<group>"; };
		DB2CB150162FF04300A4BF8B /* CrazyRocketManApp.app */ = {isa = PBXFileReference; explicitFileType = wrapper.application; includeInIndex = 0; path = CrazyRocketManApp.app; sourceTree = BUILT_PRODUCTS_DIR; };
		DB2CB154162FF04300A4BF8B /* UIKit.framework */ = {isa = PBXFileReference; lastKnownFileType = wrapper.framework; name = UIKit.framework; path = System/Library/Frameworks/UIKit.framework; sourceTree = SDKROOT; };
		DB2CB156162FF04300A4BF8B /* Foundation.framework */ = {isa = PBXFileReference; lastKnownFileType = wrapper.framework; name = Foundation.framework; path = System/Library/Frameworks/Foundation.framework; sourceTree = SDKROOT; };
		DB2CB158162FF04300A4BF8B /* CoreGraphics.framework */ = {isa = PBXFileReference; lastKnownFileType = wrapper.framework; name = CoreGraphics.framework; path = System/Library/Frameworks/CoreGraphics.framework; sourceTree = SDKROOT; };
		DB2CB15C162FF04300A4BF8B /* CrazyRocketManApp-Info.plist */ = {isa = PBXFileReference; lastKnownFileType = text.plist.xml; path = "CrazyRocketManApp-Info.plist"; sourceTree = "<group>"; };
		DB2CB15E162FF04300A4BF8B /* en */ = {isa = PBXFileReference; lastKnownFileType = text.plist.strings; name = en; path = en.lproj/InfoPlist.strings; sourceTree = "<group>"; };
		DB2CB160162FF04300A4BF8B /* main.m */ = {isa = PBXFileReference; lastKnownFileType = sourcecode.c.objc; path = main.m; sourceTree = "<group>"; };
		DB2CB162162FF04300A4BF8B /* CrazyRocketManApp-Prefix.pch */ = {isa = PBXFileReference; lastKnownFileType = sourcecode.c.h; path = "CrazyRocketManApp-Prefix.pch"; sourceTree = "<group>"; };
		DB2CB163162FF04300A4BF8B /* CrazyRocketManAppAppDelegate.h */ = {isa = PBXFileReference; lastKnownFileType = sourcecode.c.h; path = CrazyRocketManAppAppDelegate.h; sourceTree = "<group>"; };
		DB2CB164162FF04300A4BF8B /* CrazyRocketManAppAppDelegate.m */ = {isa = PBXFileReference; lastKnownFileType = sourcecode.c.objc; path = CrazyRocketManAppAppDelegate.m; sourceTree = "<group>"; };
		DB2CB16B162FF0A300A4BF8B /* GameViewController.h */ = {isa = PBXFileReference; fileEncoding = 4; lastKnownFileType = sourcecode.c.h; path = GameViewController.h; sourceTree = "<group>"; };
		DB2CB16C162FF0A300A4BF8B /* GameViewController.m */ = {isa = PBXFileReference; fileEncoding = 4; lastKnownFileType = sourcecode.c.objc; path = GameViewController.m; sourceTree = "<group>"; };
		DB2CB16D162FF0A300A4BF8B /* GameViewController.xib */ = {isa = PBXFileReference; fileEncoding = 4; lastKnownFileType = file.xib; path = GameViewController.xib; sourceTree = "<group>"; };
		DB41E5071637791900C0B82D /* refinery.jpg */ = {isa = PBXFileReference; lastKnownFileType = image.jpeg; path = refinery.jpg; sourceTree = "<group>"; };
		DB41E5081637791900C0B82D /* gas.png */ = {isa = PBXFileReference; lastKnownFileType = image.png; path = gas.png; sourceTree = "<group>"; };
		DB41E5091637791900C0B82D /* battery.png */ = {isa = PBXFileReference; lastKnownFileType = image.png; path = battery.png; sourceTree = "<group>"; };
		DB41E50A1637791900C0B82D /* coil.png */ = {isa = PBXFileReference; lastKnownFileType = image.png; path = coil.png; sourceTree = "<group>"; };
		DB41E510163780CD00C0B82D /* crudeoil.png */ = {isa = PBXFileReference; lastKnownFileType = image.png; path = crudeoil.png; sourceTree = "<group>"; };
		DB41E5121637E1A800C0B82D /* Coins.h */ = {isa = PBXFileReference; fileEncoding = 4; lastKnownFileType = sourcecode.c.h; path = Coins.h; sourceTree = "<group>"; };
		DB41E5131637E1A800C0B82D /* Coins.m */ = {isa = PBXFileReference; fileEncoding = 4; lastKnownFileType = sourcecode.c.objc; path = Coins.m; sourceTree = "<group>"; };
		DB41E51A1637E5C600C0B82D /* silvercoin.png */ = {isa = PBXFileReference; lastKnownFileType = image.png; path = silvercoin.png; sourceTree = "<group>"; };
		DB41E51C1637E5DA00C0B82D /* bronzecoin.png */ = {isa = PBXFileReference; lastKnownFileType = image.png; path = bronzecoin.png; sourceTree = "<group>"; };
		DB48FAD516363DC800AD2C0B /* goldcoin.png */ = {isa = PBXFileReference; lastKnownFileType = image.png; path = goldcoin.png; sourceTree = "<group>"; };
		DB48FAD816363DFE00AD2C0B /* platform.png */ = {isa = PBXFileReference; lastKnownFileType = image.png; path = platform.png; sourceTree = "<group>"; };
		DB48FADA16363E0B00AD2C0B /* BH2.png */ = {isa = PBXFileReference; lastKnownFileType = image.png; path = BH2.png; sourceTree = "<group>"; };
		DBB6110816393D05004ED475 /* HighScoreViewController.h */ = {isa = PBXFileReference; fileEncoding = 4; lastKnownFileType = sourcecode.c.h; path = HighScoreViewController.h; sourceTree = "<group>"; };
		DBB6110916393D05004ED475 /* HighScoreViewController.m */ = {isa = PBXFileReference; fileEncoding = 4; lastKnownFileType = sourcecode.c.objc; path = HighScoreViewController.m; sourceTree = "<group>"; };
		DBB6110A16393D05004ED475 /* HighScoreViewController.xib */ = {isa = PBXFileReference; fileEncoding = 4; lastKnownFileType = file.xib; path = HighScoreViewController.xib; sourceTree = "<group>"; };
		DBB6110B16393D05004ED475 /* homebutton.png */ = {isa = PBXFileReference; lastKnownFileType = image.png; path = homebutton.png; sourceTree = "<group>"; };
		DBB6110C16393D05004ED475 /* howtobutton.png */ = {isa = PBXFileReference; lastKnownFileType = image.png; path = howtobutton.png; sourceTree = "<group>"; };
		DBB6110D16393D05004ED475 /* iconbg.png */ = {isa = PBXFileReference; lastKnownFileType = image.png; path = iconbg.png; sourceTree = "<group>"; };
		DBB6110E16393D05004ED475 /* MainViewController.h */ = {isa = PBXFileReference; fileEncoding = 4; lastKnownFileType = sourcecode.c.h; path = MainViewController.h; sourceTree = "<group>"; };
		DBB6110F16393D05004ED475 /* MainViewController.m */ = {isa = PBXFileReference; fileEncoding = 4; lastKnownFileType = sourcecode.c.objc; path = MainViewController.m; sourceTree = "<group>"; };
		DBB6111016393D06004ED475 /* MainViewController.xib */ = {isa = PBXFileReference; fileEncoding = 4; lastKnownFileType = file.xib; path = MainViewController.xib; sourceTree = "<group>"; };
		DBB6111116393D06004ED475 /* startbutton.png */ = {isa = PBXFileReference; lastKnownFileType = image.png; path = startbutton.png; sourceTree = "<group>"; };
		DBB6112016394083004ED475 /* HowToViewController.h */ = {isa = PBXFileReference; fileEncoding = 4; lastKnownFileType = sourcecode.c.h; path = HowToViewController.h; sourceTree = "<group>"; };
		DBB6112116394083004ED475 /* HowToViewController.m */ = {isa = PBXFileReference; fileEncoding = 4; lastKnownFileType = sourcecode.c.objc; path = HowToViewController.m; sourceTree = "<group>"; };
		DBB6112216394083004ED475 /* HowToViewController.xib */ = {isa = PBXFileReference; fileEncoding = 4; lastKnownFileType = file.xib; path = HowToViewController.xib; sourceTree = "<group>"; };
		DBB61125163940DE004ED475 /* highscore.png */ = {isa = PBXFileReference; lastKnownFileType = image.png; path = highscore.png; sourceTree = "<group>"; };
		DBB6112716394180004ED475 /* backarrow.png */ = {isa = PBXFileReference; lastKnownFileType = image.png; path = backarrow.png; sourceTree = "<group>"; };
		DBB6112816394180004ED475 /* goarrow.png */ = {isa = PBXFileReference; lastKnownFileType = image.png; path = goarrow.png; sourceTree = "<group>"; };
		DBB6112B16394C3B004ED475 /* ElectricOrb.png */ = {isa = PBXFileReference; lastKnownFileType = image.png; path = ElectricOrb.png; sourceTree = "<group>"; };
/* End PBXFileReference section */

/* Begin PBXFrameworksBuildPhase section */
		DB2CB14D162FF04300A4BF8B /* Frameworks */ = {
			isa = PBXFrameworksBuildPhase;
			buildActionMask = 2147483647;
			files = (
				DB2CB155162FF04300A4BF8B /* UIKit.framework in Frameworks */,
				DB2CB157162FF04300A4BF8B /* Foundation.framework in Frameworks */,
				DB2CB159162FF04300A4BF8B /* CoreGraphics.framework in Frameworks */,
			);
			runOnlyForDeploymentPostprocessing = 0;
		};
/* End PBXFrameworksBuildPhase section */

/* Begin PBXGroup section */
		DB2CB145162FF04300A4BF8B = {
			isa = PBXGroup;
			children = (
				DB2CB15A162FF04300A4BF8B /* CrazyRocketManApp */,
				DB2CB153162FF04300A4BF8B /* Frameworks */,
				DB2CB151162FF04300A4BF8B /* Products */,
			);
			sourceTree = "<group>";
		};
		DB2CB151162FF04300A4BF8B /* Products */ = {
			isa = PBXGroup;
			children = (
				DB2CB150162FF04300A4BF8B /* CrazyRocketManApp.app */,
			);
			name = Products;
			sourceTree = "<group>";
		};
		DB2CB153162FF04300A4BF8B /* Frameworks */ = {
			isa = PBXGroup;
			children = (
				DB2CB154162FF04300A4BF8B /* UIKit.framework */,
				DB2CB156162FF04300A4BF8B /* Foundation.framework */,
				DB2CB158162FF04300A4BF8B /* CoreGraphics.framework */,
			);
			name = Frameworks;
			sourceTree = "<group>";
		};
		DB2CB15A162FF04300A4BF8B /* CrazyRocketManApp */ = {
			isa = PBXGroup;
			children = (
				DB2CB163162FF04300A4BF8B /* CrazyRocketManAppAppDelegate.h */,
				DB2CB164162FF04300A4BF8B /* CrazyRocketManAppAppDelegate.m */,
				DB2CB16B162FF0A300A4BF8B /* GameViewController.h */,
				DB2CB16C162FF0A300A4BF8B /* GameViewController.m */,
				DB2CB16D162FF0A300A4BF8B /* GameViewController.xib */,
				DB142B381639158200B3E1F6 /* GameOverViewController.h */,
				DB142B391639158200B3E1F6 /* GameOverViewController.m */,
				DBB6112016394083004ED475 /* HowToViewController.h */,
				DBB6112116394083004ED475 /* HowToViewController.m */,
				DBB6112216394083004ED475 /* HowToViewController.xib */,
				DB142B3A1639158200B3E1F6 /* GameOverViewController.xib */,
				DB41E5121637E1A800C0B82D /* Coins.h */,
				DBB6110816393D05004ED475 /* HighScoreViewController.h */,
				DBB6110916393D05004ED475 /* HighScoreViewController.m */,
				DBB6110A16393D05004ED475 /* HighScoreViewController.xib */,
				DBB6110B16393D05004ED475 /* homebutton.png */,
				DBB6112B16394C3B004ED475 /* ElectricOrb.png */,
				DBB6110C16393D05004ED475 /* howtobutton.png */,
				DBB6112716394180004ED475 /* backarrow.png */,
				DBB6112816394180004ED475 /* goarrow.png */,
				DBB6110D16393D05004ED475 /* iconbg.png */,
				DBB6110E16393D05004ED475 /* MainViewController.h */,
				DBB6110F16393D05004ED475 /* MainViewController.m */,
				DBB6111016393D06004ED475 /* MainViewController.xib */,
				DBB61125163940DE004ED475 /* highscore.png */,
				DBB6111116393D06004ED475 /* startbutton.png */,
				DB41E5131637E1A800C0B82D /* Coins.m */,
				DB41E5071637791900C0B82D /* refinery.jpg */,
				DB41E51C1637E5DA00C0B82D /* bronzecoin.png */,
				DB142B46163924AF00B3E1F6 /* tesla.png */,
				DB48FAD516363DC800AD2C0B /* goldcoin.png */,
				DB41E51A1637E5C600C0B82D /* silvercoin.png */,
				DB41E5081637791900C0B82D /* gas.png */,
				DB41E5091637791900C0B82D /* battery.png */,
				DB41E50A1637791900C0B82D /* coil.png */,
				DB41E510163780CD00C0B82D /* crudeoil.png */,
				DB48FAD816363DFE00AD2C0B /* platform.png */,
				DB48FADA16363E0B00AD2C0B /* BH2.png */,
				DB2CB15B162FF04300A4BF8B /* Supporting Files */,
			);
			path = CrazyRocketManApp;
			sourceTree = "<group>";
		};
		DB2CB15B162FF04300A4BF8B /* Supporting Files */ = {
			isa = PBXGroup;
			children = (
				DB2CB15C162FF04300A4BF8B /* CrazyRocketManApp-Info.plist */,
				DB2CB15D162FF04300A4BF8B /* InfoPlist.strings */,
				DB2CB160162FF04300A4BF8B /* main.m */,
				DB2CB162162FF04300A4BF8B /* CrazyRocketManApp-Prefix.pch */,
			);
			name = "Supporting Files";
			sourceTree = "<group>";
		};
/* End PBXGroup section */

/* Begin PBXNativeTarget section */
		DB2CB14F162FF04300A4BF8B /* CrazyRocketManApp */ = {
			isa = PBXNativeTarget;
			buildConfigurationList = DB2CB168162FF04300A4BF8B /* Build configuration list for PBXNativeTarget "CrazyRocketManApp" */;
			buildPhases = (
				DB2CB14C162FF04300A4BF8B /* Sources */,
				DB2CB14D162FF04300A4BF8B /* Frameworks */,
				DB2CB14E162FF04300A4BF8B /* Resources */,
			);
			buildRules = (
			);
			dependencies = (
			);
			name = CrazyRocketManApp;
			productName = CrazyRocketManApp;
			productReference = DB2CB150162FF04300A4BF8B /* CrazyRocketManApp.app */;
			productType = "com.apple.product-type.application";
		};
/* End PBXNativeTarget section */

/* Begin PBXProject section */
		DB2CB147162FF04300A4BF8B /* Project object */ = {
			isa = PBXProject;
			attributes = {
				CLASSPREFIX = CrazyRocketManApp;
				LastUpgradeCheck = 0440;
				ORGANIZATIONNAME = "Regie G. Pinat";
			};
			buildConfigurationList = DB2CB14A162FF04300A4BF8B /* Build configuration list for PBXProject "CrazyRocketManApp" */;
			compatibilityVersion = "Xcode 3.2";
			developmentRegion = English;
			hasScannedForEncodings = 0;
			knownRegions = (
				en,
			);
			mainGroup = DB2CB145162FF04300A4BF8B;
			productRefGroup = DB2CB151162FF04300A4BF8B /* Products */;
			projectDirPath = "";
			projectRoot = "";
			targets = (
				DB2CB14F162FF04300A4BF8B /* CrazyRocketManApp */,
			);
		};
/* End PBXProject section */

/* Begin PBXResourcesBuildPhase section */
		DB2CB14E162FF04300A4BF8B /* Resources */ = {
			isa = PBXResourcesBuildPhase;
			buildActionMask = 2147483647;
			files = (
				DB2CB15F162FF04300A4BF8B /* InfoPlist.strings in Resources */,
				DB2CB16F162FF0A300A4BF8B /* GameViewController.xib in Resources */,
				DB48FAD616363DC800AD2C0B /* goldcoin.png in Resources */,
				DB48FAD916363DFE00AD2C0B /* platform.png in Resources */,
				DB48FADB16363E0B00AD2C0B /* BH2.png in Resources */,
				DB41E50B1637791900C0B82D /* refinery.jpg in Resources */,
				DB41E50C1637791900C0B82D /* gas.png in Resources */,
				DB41E50D1637791900C0B82D /* battery.png in Resources */,
				DB41E50E1637791900C0B82D /* coil.png in Resources */,
				DB41E511163780CD00C0B82D /* crudeoil.png in Resources */,
				DB41E51B1637E5C600C0B82D /* silvercoin.png in Resources */,
				DB41E51D1637E5DA00C0B82D /* bronzecoin.png in Resources */,
				DB142B3C1639158200B3E1F6 /* GameOverViewController.xib in Resources */,
				DB142B47163924B000B3E1F6 /* tesla.png in Resources */,
				DBB6111316393D06004ED475 /* HighScoreViewController.xib in Resources */,
				DBB6111416393D06004ED475 /* homebutton.png in Resources */,
				DBB6111516393D06004ED475 /* howtobutton.png in Resources */,
				DBB6111616393D06004ED475 /* iconbg.png in Resources */,
				DBB6111816393D06004ED475 /* MainViewController.xib in Resources */,
				DBB6111916393D06004ED475 /* startbutton.png in Resources */,
				DBB6112416394083004ED475 /* HowToViewController.xib in Resources */,
				DBB61126163940DE004ED475 /* highscore.png in Resources */,
				DBB6112916394181004ED475 /* backarrow.png in Resources */,
				DBB6112A16394181004ED475 /* goarrow.png in Resources */,
				DBB6112C16394C3B004ED475 /* ElectricOrb.png in Resources */,
			);
			runOnlyForDeploymentPostprocessing = 0;
		};
/* End PBXResourcesBuildPhase section */

/* Begin PBXSourcesBuildPhase section */
		DB2CB14C162FF04300A4BF8B /* Sources */ = {
			isa = PBXSourcesBuildPhase;
			buildActionMask = 2147483647;
			files = (
				DB2CB161162FF04300A4BF8B /* main.m in Sources */,
				DB2CB165162FF04300A4BF8B /* CrazyRocketManAppAppDelegate.m in Sources */,
				DB2CB16E162FF0A300A4BF8B /* GameViewController.m in Sources */,
				DB41E5141637E1A800C0B82D /* Coins.m in Sources */,
				DB142B3B1639158200B3E1F6 /* GameOverViewController.m in Sources */,
				DBB6111216393D06004ED475 /* HighScoreViewController.m in Sources */,
				DBB6111716393D06004ED475 /* MainViewController.m in Sources */,
				DBB6112316394083004ED475 /* HowToViewController.m in Sources */,
			);
			runOnlyForDeploymentPostprocessing = 0;
		};
/* End PBXSourcesBuildPhase section */

/* Begin PBXVariantGroup section */
		DB2CB15D162FF04300A4BF8B /* InfoPlist.strings */ = {
			isa = PBXVariantGroup;
			children = (
				DB2CB15E162FF04300A4BF8B /* en */,
			);
			name = InfoPlist.strings;
			sourceTree = "<group>";
		};
/* End PBXVariantGroup section */

/* Begin XCBuildConfiguration section */
		DB2CB166162FF04300A4BF8B /* Debug */ = {
			isa = XCBuildConfiguration;
			buildSettings = {
				ALWAYS_SEARCH_USER_PATHS = NO;
				ARCHS = "$(ARCHS_STANDARD_32_BIT)";
				CLANG_CXX_LANGUAGE_STANDARD = "gnu++0x";
				CLANG_ENABLE_OBJC_ARC = YES;
				CLANG_WARN__DUPLICATE_METHOD_MATCH = YES;
				"CODE_SIGN_IDENTITY[sdk=iphoneos*]" = "iPhone Developer";
				COPY_PHASE_STRIP = NO;
				GCC_C_LANGUAGE_STANDARD = gnu99;
				GCC_DYNAMIC_NO_PIC = NO;
				GCC_OPTIMIZATION_LEVEL = 0;
				GCC_PREPROCESSOR_DEFINITIONS = (
					"DEBUG=1",
					"$(inherited)",
				);
				GCC_SYMBOLS_PRIVATE_EXTERN = NO;
				GCC_VERSION = com.apple.compilers.llvm.clang.1_0;
				GCC_WARN_ABOUT_RETURN_TYPE = YES;
				GCC_WARN_UNINITIALIZED_AUTOS = YES;
				GCC_WARN_UNUSED_VARIABLE = YES;
				IPHONEOS_DEPLOYMENT_TARGET = 5.1;
				SDKROOT = iphoneos;
			};
			name = Debug;
		};
		DB2CB167162FF04300A4BF8B /* Release */ = {
			isa = XCBuildConfiguration;
			buildSettings = {
				ALWAYS_SEARCH_USER_PATHS = NO;
				ARCHS = "$(ARCHS_STANDARD_32_BIT)";
				CLANG_CXX_LANGUAGE_STANDARD = "gnu++0x";
				CLANG_ENABLE_OBJC_ARC = YES;
				CLANG_WARN__DUPLICATE_METHOD_MATCH = YES;
				"CODE_SIGN_IDENTITY[sdk=iphoneos*]" = "iPhone Developer";
				COPY_PHASE_STRIP = YES;
				GCC_C_LANGUAGE_STANDARD = gnu99;
				GCC_VERSION = com.apple.compilers.llvm.clang.1_0;
				GCC_WARN_ABOUT_RETURN_TYPE = YES;
				GCC_WARN_UNINITIALIZED_AUTOS = YES;
				GCC_WARN_UNUSED_VARIABLE = YES;
				IPHONEOS_DEPLOYMENT_TARGET = 5.1;
				OTHER_CFLAGS = "-DNS_BLOCK_ASSERTIONS=1";
				SDKROOT = iphoneos;
				VALIDATE_PRODUCT = YES;
			};
			name = Release;
		};
		DB2CB169162FF04300A4BF8B /* Debug */ = {
			isa = XCBuildConfiguration;
			buildSettings = {
				GCC_PRECOMPILE_PREFIX_HEADER = YES;
				GCC_PREFIX_HEADER = "CrazyRocketManApp/CrazyRocketManApp-Prefix.pch";
				INFOPLIST_FILE = "CrazyRocketManApp/CrazyRocketManApp-Info.plist";
				PRODUCT_NAME = "$(TARGET_NAME)";
				WRAPPER_EXTENSION = app;
			};
			name = Debug;
		};
		DB2CB16A162FF04300A4BF8B /* Release */ = {
			isa = XCBuildConfiguration;
			buildSettings = {
				GCC_PRECOMPILE_PREFIX_HEADER = YES;
				GCC_PREFIX_HEADER = "CrazyRocketManApp/CrazyRocketManApp-Prefix.pch";
				INFOPLIST_FILE = "CrazyRocketManApp/CrazyRocketManApp-Info.plist";
				PRODUCT_NAME = "$(TARGET_NAME)";
				WRAPPER_EXTENSION = app;
			};
			name = Release;
		};
/* End XCBuildConfiguration section */

/* Begin XCConfigurationList section */
		DB2CB14A162FF04300A4BF8B /* Build configuration list for PBXProject "CrazyRocketManApp" */ = {
			isa = XCConfigurationList;
			buildConfigurations = (
				DB2CB166162FF04300A4BF8B /* Debug */,
				DB2CB167162FF04300A4BF8B /* Release */,
			);
			defaultConfigurationIsVisible = 0;
			defaultConfigurationName = Release;
		};
		DB2CB168162FF04300A4BF8B /* Build configuration list for PBXNativeTarget "CrazyRocketManApp" */ = {
			isa = XCConfigurationList;
			buildConfigurations = (
				DB2CB169162FF04300A4BF8B /* Debug */,
				DB2CB16A162FF04300A4BF8B /* Release */,
			);
			defaultConfigurationIsVisible = 0;
			defaultConfigurationName = Release;
		};
/* End XCConfigurationList section */
	};
	rootObject = DB2CB147162FF04300A4BF8B /* Project object */;
}
